
Microsoft Visual Studio Solution File, Format Version 12.00
# Visual Studio Version 17
VisualStudioVersion = 17.7.34031.279
MinimumVisualStudioVersion = 10.0.40219.1
Project("{9A19103F-16F7-4668-BE54-9A1E7A4F7556}") = "MISA.AspNetCore.Web", "MISA.AspNetCore.Web\MISA.AspNetCore.Web.csproj", "{52B0A5C1-78C9-4E84-B1F0-C3CF2A23F866}"
EndProject
Project("{9A19103F-16F7-4668-BE54-9A1E7A4F7556}") = "MISA.AspNetCore.Domain", "MISA.AspNetCore.Domain\MISA.AspNetCore.Domain.csproj", "{6B27A811-2765-45D1-B627-610B24A19A4C}"
EndProject
Project("{9A19103F-16F7-4668-BE54-9A1E7A4F7556}") = "MISA.AspNetCore.Infrastructure", "MISA.AspNetCore.Infrastructure\MISA.AspNetCore.Infrastructure.csproj", "{138E2C94-17F1-4468-AE92-1933D60ECCB6}"
EndProject
Project("{9A19103F-16F7-4668-BE54-9A1E7A4F7556}") = "MISA.AspNetCore.Application", "MISA.AspNetCore.Application\MISA.AspNetCore.Application.csproj", "{CB1EA838-5BC0-4FE4-BF91-155DEF25C15F}"
EndProject
Project("{9A19103F-16F7-4668-BE54-9A1E7A4F7556}") = "MISA.AspNetCore.UnitTests", "MISA.AspNetCore.UnitTests\MISA.AspNetCore.UnitTests.csproj", "{6FEB942B-63CD-47A3-B24C-B608527B4A77}"
EndProject
Project("{FAE04EC0-301F-11D3-BF4B-00C04F79EFBC}") = "MISA.AspNetCore.Domain.UnitTests", "MISA.AspNetCore.Domain.UnitTests\MISA.AspNetCore.Domain.UnitTests.csproj", "{E1BE3D91-754E-44F8-9676-B97E16DEF4BC}"
EndProject
Global
	GlobalSection(SolutionConfigurationPlatforms) = preSolution
		Debug|Any CPU = Debug|Any CPU
		Release|Any CPU = Release|Any CPU
	EndGlobalSection
	GlobalSection(ProjectConfigurationPlatforms) = postSolution
		{52B0A5C1-78C9-4E84-B1F0-C3CF2A23F866}.Debug|Any CPU.ActiveCfg = Debug|Any CPU
		{52B0A5C1-78C9-4E84-B1F0-C3CF2A23F866}.Debug|Any CPU.Build.0 = Debug|Any CPU
		{52B0A5C1-78C9-4E84-B1F0-C3CF2A23F866}.Release|Any CPU.ActiveCfg = Release|Any CPU
		{52B0A5C1-78C9-4E84-B1F0-C3CF2A23F866}.Release|Any CPU.Build.0 = Release|Any CPU
		{6B27A811-2765-45D1-B627-610B24A19A4C}.Debug|Any CPU.ActiveCfg = Debug|Any CPU
		{6B27A811-2765-45D1-B627-610B24A19A4C}.Debug|Any CPU.Build.0 = Debug|Any CPU
		{6B27A811-2765-45D1-B627-610B24A19A4C}.Release|Any CPU.ActiveCfg = Release|Any CPU
		{6B27A811-2765-45D1-B627-610B24A19A4C}.Release|Any CPU.Build.0 = Release|Any CPU
		{138E2C94-17F1-4468-AE92-1933D60ECCB6}.Debug|Any CPU.ActiveCfg = Debug|Any CPU
		{138E2C94-17F1-4468-AE92-1933D60ECCB6}.Debug|Any CPU.Build.0 = Debug|Any CPU
		{138E2C94-17F1-4468-AE92-1933D60ECCB6}.Release|Any CPU.ActiveCfg = Release|Any CPU
		{138E2C94-17F1-4468-AE92-1933D60ECCB6}.Release|Any CPU.Build.0 = Release|Any CPU
		{CB1EA838-5BC0-4FE4-BF91-155DEF25C15F}.Debug|Any CPU.ActiveCfg = Debug|Any CPU
		{CB1EA838-5BC0-4FE4-BF91-155DEF25C15F}.Debug|Any CPU.Build.0 = Debug|Any CPU
		{CB1EA838-5BC0-4FE4-BF91-155DEF25C15F}.Release|Any CPU.ActiveCfg = Release|Any CPU
		{CB1EA838-5BC0-4FE4-BF91-155DEF25C15F}.Release|Any CPU.Build.0 = Release|Any CPU
		{6FEB942B-63CD-47A3-B24C-B608527B4A77}.Debug|Any CPU.ActiveCfg = Debug|Any CPU
		{6FEB942B-63CD-47A3-B24C-B608527B4A77}.Debug|Any CPU.Build.0 = Debug|Any CPU
		{6FEB942B-63CD-47A3-B24C-B608527B4A77}.Release|Any CPU.ActiveCfg = Release|Any CPU
		{6FEB942B-63CD-47A3-B24C-B608527B4A77}.Release|Any CPU.Build.0 = Release|Any CPU
		{E1BE3D91-754E-44F8-9676-B97E16DEF4BC}.Debug|Any CPU.ActiveCfg = Debug|Any CPU
		{E1BE3D91-754E-44F8-9676-B97E16DEF4BC}.Debug|Any CPU.Build.0 = Debug|Any CPU
		{E1BE3D91-754E-44F8-9676-B97E16DEF4BC}.Release|Any CPU.ActiveCfg = Release|Any CPU
		{E1BE3D91-754E-44F8-9676-B97E16DEF4BC}.Release|Any CPU.Build.0 = Release|Any CPU
	EndGlobalSection
	GlobalSection(SolutionProperties) = preSolution
		HideSolutionNode = FALSE
	EndGlobalSection
	GlobalSection(ExtensibilityGlobals) = postSolution
		SolutionGuid = {F1E48E4B-81B2-409E-95B1-597E84B474FF}
	EndGlobalSection
EndGlobal
